
Microsoft Visual Studio Solution File, Format Version 12.00
# Visual Studio Version 16
VisualStudioVersion = 16.0.30114.105
MinimumVisualStudioVersion = 10.0.40219.1
Project("{FAE04EC0-301F-11D3-BF4B-00C04F79EFBC}") = "accounting", "accounting\accounting.csproj", "{3B783E42-5F50-468C-8C1A-342E29A71A5C}"
EndProject
Project("{FAE04EC0-301F-11D3-BF4B-00C04F79EFBC}") = "app", "app\app.csproj", "{36F566D8-C753-4F80-AEE2-CE5E3FB59B3E}"
EndProject
Global
	GlobalSection(SolutionConfigurationPlatforms) = preSolution
		Debug|Any CPU = Debug|Any CPU
		Release|Any CPU = Release|Any CPU
	EndGlobalSection
	GlobalSection(SolutionProperties) = preSolution
		HideSolutionNode = FALSE
	EndGlobalSection
	GlobalSection(ProjectConfigurationPlatforms) = postSolution
		{3B783E42-5F50-468C-8C1A-342E29A71A5C}.Debug|Any CPU.ActiveCfg = Debug|Any CPU
		{3B783E42-5F50-468C-8C1A-342E29A71A5C}.Debug|Any CPU.Build.0 = Debug|Any CPU
		{3B783E42-5F50-468C-8C1A-342E29A71A5C}.Release|Any CPU.ActiveCfg = Release|Any CPU
		{3B783E42-5F50-468C-8C1A-342E29A71A5C}.Release|Any CPU.Build.0 = Release|Any CPU
		{36F566D8-C753-4F80-AEE2-CE5E3FB59B3E}.Debug|Any CPU.ActiveCfg = Debug|Any CPU
		{36F566D8-C753-4F80-AEE2-CE5E3FB59B3E}.Debug|Any CPU.Build.0 = Debug|Any CPU
		{36F566D8-C753-4F80-AEE2-CE5E3FB59B3E}.Release|Any CPU.ActiveCfg = Release|Any CPU
		{36F566D8-C753-4F80-AEE2-CE5E3FB59B3E}.Release|Any CPU.Build.0 = Release|Any CPU
	EndGlobalSection
EndGlobal
