
Microsoft Visual Studio Solution File, Format Version 12.00
# Visual Studio Version 16
VisualStudioVersion = 16.0.30114.105
MinimumVisualStudioVersion = 10.0.40219.1
Project("{FAE04EC0-301F-11D3-BF4B-00C04F79EFBC}") = "TuEnvio", "TuEnvio\TuEnvio.csproj", "{22EBB983-79D3-4703-B6F9-24CC6C4AB57A}"
EndProject
Global
	GlobalSection(SolutionConfigurationPlatforms) = preSolution
		Debug|Any CPU = Debug|Any CPU
		Release|Any CPU = Release|Any CPU
	EndGlobalSection
	GlobalSection(SolutionProperties) = preSolution
		HideSolutionNode = FALSE
	EndGlobalSection
	GlobalSection(ProjectConfigurationPlatforms) = postSolution
		{22EBB983-79D3-4703-B6F9-24CC6C4AB57A}.Debug|Any CPU.ActiveCfg = Debug|Any CPU
		{22EBB983-79D3-4703-B6F9-24CC6C4AB57A}.Debug|Any CPU.Build.0 = Debug|Any CPU
		{22EBB983-79D3-4703-B6F9-24CC6C4AB57A}.Release|Any CPU.ActiveCfg = Release|Any CPU
		{22EBB983-79D3-4703-B6F9-24CC6C4AB57A}.Release|Any CPU.Build.0 = Release|Any CPU
		{42B1039B-D510-41AB-8DD3-FB2DA0F8BC3D}.Debug|Any CPU.ActiveCfg = Debug|Any CPU
		{42B1039B-D510-41AB-8DD3-FB2DA0F8BC3D}.Debug|Any CPU.Build.0 = Debug|Any CPU
		{42B1039B-D510-41AB-8DD3-FB2DA0F8BC3D}.Release|Any CPU.ActiveCfg = Release|Any CPU
		{42B1039B-D510-41AB-8DD3-FB2DA0F8BC3D}.Release|Any CPU.Build.0 = Release|Any CPU
	EndGlobalSection
EndGlobal
