
Microsoft Visual Studio Solution File, Format Version 12.00
# Visual Studio Version 17
VisualStudioVersion = 17.3.32929.385
MinimumVisualStudioVersion = 10.0.40219.1
Project("{9A19103F-16F7-4668-BE54-9A1E7A4F7556}") = "03_UbicarReinas", "03_UbicarReinas.csproj", "{39BC5C46-2F6F-4156-9A2F-4E336B4300A5}"
EndProject
Project("{FAE04EC0-301F-11D3-BF4B-00C04F79EFBC}") = "03_Laberinto", "..\03_Laberinto\03_Laberinto.csproj", "{C2E7CE83-AE61-4C9A-B5A2-6639B8BCE77D}"
EndProject
Global
	GlobalSection(SolutionConfigurationPlatforms) = preSolution
		Debug|Any CPU = Debug|Any CPU
		Release|Any CPU = Release|Any CPU
	EndGlobalSection
	GlobalSection(ProjectConfigurationPlatforms) = postSolution
		{39BC5C46-2F6F-4156-9A2F-4E336B4300A5}.Debug|Any CPU.ActiveCfg = Debug|Any CPU
		{39BC5C46-2F6F-4156-9A2F-4E336B4300A5}.Debug|Any CPU.Build.0 = Debug|Any CPU
		{39BC5C46-2F6F-4156-9A2F-4E336B4300A5}.Release|Any CPU.ActiveCfg = Release|Any CPU
		{39BC5C46-2F6F-4156-9A2F-4E336B4300A5}.Release|Any CPU.Build.0 = Release|Any CPU
		{C2E7CE83-AE61-4C9A-B5A2-6639B8BCE77D}.Debug|Any CPU.ActiveCfg = Debug|Any CPU
		{C2E7CE83-AE61-4C9A-B5A2-6639B8BCE77D}.Debug|Any CPU.Build.0 = Debug|Any CPU
		{C2E7CE83-AE61-4C9A-B5A2-6639B8BCE77D}.Release|Any CPU.ActiveCfg = Release|Any CPU
		{C2E7CE83-AE61-4C9A-B5A2-6639B8BCE77D}.Release|Any CPU.Build.0 = Release|Any CPU
	EndGlobalSection
	GlobalSection(SolutionProperties) = preSolution
		HideSolutionNode = FALSE
	EndGlobalSection
	GlobalSection(ExtensibilityGlobals) = postSolution
		SolutionGuid = {3529BF63-4697-4FBC-819C-BA0C73EF7A39}
	EndGlobalSection
EndGlobal
