
Microsoft Visual Studio Solution File, Format Version 12.00
# Visual Studio Version 16
VisualStudioVersion = 16.0.30114.105
MinimumVisualStudioVersion = 10.0.40219.1
Project("{FAE04EC0-301F-11D3-BF4B-00C04F79EFBC}") = "tester", "tester\tester.csproj", "{6404DDFB-D72E-421A-BC1C-518A410A62DC}"
EndProject
Project("{FAE04EC0-301F-11D3-BF4B-00C04F79EFBC}") = "wifi", "wifi\wifi.csproj", "{20267F87-DC71-497B-889B-52E3D4916E74}"
EndProject
Global
	GlobalSection(SolutionConfigurationPlatforms) = preSolution
		Debug|Any CPU = Debug|Any CPU
		Release|Any CPU = Release|Any CPU
	EndGlobalSection
	GlobalSection(SolutionProperties) = preSolution
		HideSolutionNode = FALSE
	EndGlobalSection
	GlobalSection(ProjectConfigurationPlatforms) = postSolution
		{6404DDFB-D72E-421A-BC1C-518A410A62DC}.Debug|Any CPU.ActiveCfg = Debug|Any CPU
		{6404DDFB-D72E-421A-BC1C-518A410A62DC}.Debug|Any CPU.Build.0 = Debug|Any CPU
		{6404DDFB-D72E-421A-BC1C-518A410A62DC}.Release|Any CPU.ActiveCfg = Release|Any CPU
		{6404DDFB-D72E-421A-BC1C-518A410A62DC}.Release|Any CPU.Build.0 = Release|Any CPU
		{20267F87-DC71-497B-889B-52E3D4916E74}.Debug|Any CPU.ActiveCfg = Debug|Any CPU
		{20267F87-DC71-497B-889B-52E3D4916E74}.Debug|Any CPU.Build.0 = Debug|Any CPU
		{20267F87-DC71-497B-889B-52E3D4916E74}.Release|Any CPU.ActiveCfg = Release|Any CPU
		{20267F87-DC71-497B-889B-52E3D4916E74}.Release|Any CPU.Build.0 = Release|Any CPU
	EndGlobalSection
EndGlobal
