
Microsoft Visual Studio Solution File, Format Version 12.00
# Visual Studio Version 16
VisualStudioVersion = 16.0.30114.105
MinimumVisualStudioVersion = 10.0.40219.1
Project("{FAE04EC0-301F-11D3-BF4B-00C04F79EFBC}") = "App", "App\App.csproj", "{F9A90377-E099-4F36-B693-5B364728838A}"
EndProject
Project("{FAE04EC0-301F-11D3-BF4B-00C04F79EFBC}") = "Algetool", "Algetool\Algetool.csproj", "{47847D5C-6AB8-4FE4-8519-933073CAD62C}"
EndProject
Global
	GlobalSection(SolutionConfigurationPlatforms) = preSolution
		Debug|Any CPU = Debug|Any CPU
		Release|Any CPU = Release|Any CPU
	EndGlobalSection
	GlobalSection(SolutionProperties) = preSolution
		HideSolutionNode = FALSE
	EndGlobalSection
	GlobalSection(ProjectConfigurationPlatforms) = postSolution
		{F9A90377-E099-4F36-B693-5B364728838A}.Debug|Any CPU.ActiveCfg = Debug|Any CPU
		{F9A90377-E099-4F36-B693-5B364728838A}.Debug|Any CPU.Build.0 = Debug|Any CPU
		{F9A90377-E099-4F36-B693-5B364728838A}.Release|Any CPU.ActiveCfg = Release|Any CPU
		{F9A90377-E099-4F36-B693-5B364728838A}.Release|Any CPU.Build.0 = Release|Any CPU
		{47847D5C-6AB8-4FE4-8519-933073CAD62C}.Debug|Any CPU.ActiveCfg = Debug|Any CPU
		{47847D5C-6AB8-4FE4-8519-933073CAD62C}.Debug|Any CPU.Build.0 = Debug|Any CPU
		{47847D5C-6AB8-4FE4-8519-933073CAD62C}.Release|Any CPU.ActiveCfg = Release|Any CPU
		{47847D5C-6AB8-4FE4-8519-933073CAD62C}.Release|Any CPU.Build.0 = Release|Any CPU
	EndGlobalSection
EndGlobal
