
Microsoft Visual Studio Solution File, Format Version 12.00
# Visual Studio Version 16
VisualStudioVersion = 16.0.30114.105
MinimumVisualStudioVersion = 10.0.40219.1
Project("{FAE04EC0-301F-11D3-BF4B-00C04F79EFBC}") = "main", "main\main.csproj", "{9121FE81-57C8-465A-9765-05FE32EA171B}"
EndProject
Project("{FAE04EC0-301F-11D3-BF4B-00C04F79EFBC}") = "code", "code\code.csproj", "{0036DD58-4294-499D-B1A5-D0101C11AC50}"
EndProject
Project("{FAE04EC0-301F-11D3-BF4B-00C04F79EFBC}") = "tester", "tester\tester.csproj", "{09D9C123-5ED0-42C7-9BE1-8FD5ED8D1BB2}"
EndProject
Global
	GlobalSection(SolutionConfigurationPlatforms) = preSolution
		Debug|Any CPU = Debug|Any CPU
		Release|Any CPU = Release|Any CPU
	EndGlobalSection
	GlobalSection(SolutionProperties) = preSolution
		HideSolutionNode = FALSE
	EndGlobalSection
	GlobalSection(ProjectConfigurationPlatforms) = postSolution
		{9121FE81-57C8-465A-9765-05FE32EA171B}.Debug|Any CPU.ActiveCfg = Debug|Any CPU
		{9121FE81-57C8-465A-9765-05FE32EA171B}.Debug|Any CPU.Build.0 = Debug|Any CPU
		{9121FE81-57C8-465A-9765-05FE32EA171B}.Release|Any CPU.ActiveCfg = Release|Any CPU
		{9121FE81-57C8-465A-9765-05FE32EA171B}.Release|Any CPU.Build.0 = Release|Any CPU
		{0036DD58-4294-499D-B1A5-D0101C11AC50}.Debug|Any CPU.ActiveCfg = Debug|Any CPU
		{0036DD58-4294-499D-B1A5-D0101C11AC50}.Debug|Any CPU.Build.0 = Debug|Any CPU
		{0036DD58-4294-499D-B1A5-D0101C11AC50}.Release|Any CPU.ActiveCfg = Release|Any CPU
		{0036DD58-4294-499D-B1A5-D0101C11AC50}.Release|Any CPU.Build.0 = Release|Any CPU
		{09D9C123-5ED0-42C7-9BE1-8FD5ED8D1BB2}.Debug|Any CPU.ActiveCfg = Debug|Any CPU
		{09D9C123-5ED0-42C7-9BE1-8FD5ED8D1BB2}.Debug|Any CPU.Build.0 = Debug|Any CPU
		{09D9C123-5ED0-42C7-9BE1-8FD5ED8D1BB2}.Release|Any CPU.ActiveCfg = Release|Any CPU
		{09D9C123-5ED0-42C7-9BE1-8FD5ED8D1BB2}.Release|Any CPU.Build.0 = Release|Any CPU
	EndGlobalSection
EndGlobal
