
Microsoft Visual Studio Solution File, Format Version 12.00
# Visual Studio Version 16
VisualStudioVersion = 16.0.30114.105
MinimumVisualStudioVersion = 10.0.40219.1
Project("{FAE04EC0-301F-11D3-BF4B-00C04F79EFBC}") = "exam", "exam\exam.csproj", "{FAC04853-DFE4-40D2-8369-F1A58FB36C3A}"
EndProject
Project("{FAE04EC0-301F-11D3-BF4B-00C04F79EFBC}") = "inventory", "inventory\inventory.csproj", "{517D9167-5C9F-4C1A-A240-EC196A4411D9}"
EndProject
Global
	GlobalSection(SolutionConfigurationPlatforms) = preSolution
		Debug|Any CPU = Debug|Any CPU
		Release|Any CPU = Release|Any CPU
	EndGlobalSection
	GlobalSection(SolutionProperties) = preSolution
		HideSolutionNode = FALSE
	EndGlobalSection
	GlobalSection(ProjectConfigurationPlatforms) = postSolution
		{FAC04853-DFE4-40D2-8369-F1A58FB36C3A}.Debug|Any CPU.ActiveCfg = Debug|Any CPU
		{FAC04853-DFE4-40D2-8369-F1A58FB36C3A}.Debug|Any CPU.Build.0 = Debug|Any CPU
		{FAC04853-DFE4-40D2-8369-F1A58FB36C3A}.Release|Any CPU.ActiveCfg = Release|Any CPU
		{FAC04853-DFE4-40D2-8369-F1A58FB36C3A}.Release|Any CPU.Build.0 = Release|Any CPU
		{517D9167-5C9F-4C1A-A240-EC196A4411D9}.Debug|Any CPU.ActiveCfg = Debug|Any CPU
		{517D9167-5C9F-4C1A-A240-EC196A4411D9}.Debug|Any CPU.Build.0 = Debug|Any CPU
		{517D9167-5C9F-4C1A-A240-EC196A4411D9}.Release|Any CPU.ActiveCfg = Release|Any CPU
		{517D9167-5C9F-4C1A-A240-EC196A4411D9}.Release|Any CPU.Build.0 = Release|Any CPU
	EndGlobalSection
EndGlobal
